
Microsoft Visual Studio Solution File, Format Version 12.00
# Visual Studio 15
VisualStudioVersion = 15.0.27130.2027
MinimumVisualStudioVersion = 10.0.40219.1
Project("{FAE04EC0-301F-11D3-BF4B-00C04F79EFBC}") = "Discipline Tracker", "QuickTicket\Discipline Tracker.csproj", "{7E75869D-3F1D-4032-911A-04BE403A1F09}"
EndProject
Project("{FAE04EC0-301F-11D3-BF4B-00C04F79EFBC}") = "Modelo", "Modelo\Modelo.csproj", "{998FB2ED-87AC-463A-A4C7-6037CE785F7C}"
EndProject
Global
	GlobalSection(SolutionConfigurationPlatforms) = preSolution
		Debug|Any CPU = Debug|Any CPU
		Release|Any CPU = Release|Any CPU
	EndGlobalSection
	GlobalSection(ProjectConfigurationPlatforms) = postSolution
		{7E75869D-3F1D-4032-911A-04BE403A1F09}.Debug|Any CPU.ActiveCfg = Debug|Any CPU
		{7E75869D-3F1D-4032-911A-04BE403A1F09}.Debug|Any CPU.Build.0 = Debug|Any CPU
		{7E75869D-3F1D-4032-911A-04BE403A1F09}.Release|Any CPU.ActiveCfg = Release|Any CPU
		{7E75869D-3F1D-4032-911A-04BE403A1F09}.Release|Any CPU.Build.0 = Release|Any CPU
		{998FB2ED-87AC-463A-A4C7-6037CE785F7C}.Debug|Any CPU.ActiveCfg = Debug|Any CPU
		{998FB2ED-87AC-463A-A4C7-6037CE785F7C}.Debug|Any CPU.Build.0 = Debug|Any CPU
		{998FB2ED-87AC-463A-A4C7-6037CE785F7C}.Release|Any CPU.ActiveCfg = Release|Any CPU
		{998FB2ED-87AC-463A-A4C7-6037CE785F7C}.Release|Any CPU.Build.0 = Release|Any CPU
	EndGlobalSection
	GlobalSection(SolutionProperties) = preSolution
		HideSolutionNode = FALSE
	EndGlobalSection
	GlobalSection(ExtensibilityGlobals) = postSolution
		SolutionGuid = {735CB8D0-5A63-4A02-B1E9-DAB6E1272507}
	EndGlobalSection
EndGlobal
